
Microsoft Visual Studio Solution File, Format Version 12.00
# Visual Studio Version 17
VisualStudioVersion = 17.14.36518.9 d17.14
MinimumVisualStudioVersion = 10.0.40219.1
Project("{FAE04EC0-301F-11D3-BF4B-00C04F79EFBC}") = "StudentPlannerApp", "StudentPlannerApp\StudentPlannerApp.csproj", "{24D8988A-306F-8187-1905-4F96A558A50F}"
EndProject
Global
	GlobalSection(SolutionConfigurationPlatforms) = preSolution
		Debug|Any CPU = Debug|Any CPU
		Release|Any CPU = Release|Any CPU
	EndGlobalSection
	GlobalSection(ProjectConfigurationPlatforms) = postSolution
		{24D8988A-306F-8187-1905-4F96A558A50F}.Debug|Any CPU.ActiveCfg = Debug|Any CPU
		{24D8988A-306F-8187-1905-4F96A558A50F}.Debug|Any CPU.Build.0 = Debug|Any CPU
		{24D8988A-306F-8187-1905-4F96A558A50F}.Release|Any CPU.ActiveCfg = Release|Any CPU
		{24D8988A-306F-8187-1905-4F96A558A50F}.Release|Any CPU.Build.0 = Release|Any CPU
	EndGlobalSection
	GlobalSection(SolutionProperties) = preSolution
		HideSolutionNode = FALSE
	EndGlobalSection
	GlobalSection(ExtensibilityGlobals) = postSolution
		SolutionGuid = {F54C36EC-8E99-4531-BB75-BC56F460B198}
	EndGlobalSection
EndGlobal
